Microsoft Visual Studio Solution File, Format Version 12.00
# Visual Studio Version 17
VisualStudioVersion = 17.5.2.0
MinimumVisualStudioVersion = 10.0.40219.1
Project("{FAE04EC0-301F-11D3-BF4B-00C04F79EFBC}") = "EcommerceFiltersApp", "EcommerceFiltersApp.csproj", "{FCEF360E-DD4D-CA8E-E319-0147AEF37E5F}"
EndProject
Global
	GlobalSection(SolutionConfigurationPlatforms) = preSolution
		Debug|Any CPU = Debug|Any CPU
		Release|Any CPU = Release|Any CPU
	EndGlobalSection
	GlobalSection(ProjectConfigurationPlatforms) = postSolution
		{FCEF360E-DD4D-CA8E-E319-0147AEF37E5F}.Debug|Any CPU.ActiveCfg = Debug|Any CPU
		{FCEF360E-DD4D-CA8E-E319-0147AEF37E5F}.Debug|Any CPU.Build.0 = Debug|Any CPU
		{FCEF360E-DD4D-CA8E-E319-0147AEF37E5F}.Release|Any CPU.ActiveCfg = Release|Any CPU
		{FCEF360E-DD4D-CA8E-E319-0147AEF37E5F}.Release|Any CPU.Build.0 = Release|Any CPU
	EndGlobalSection
	GlobalSection(SolutionProperties) = preSolution
		HideSolutionNode = FALSE
	EndGlobalSection
	GlobalSection(ExtensibilityGlobals) = postSolution
		SolutionGuid = {8D9B2EB0-D895-4202-8816-6F8D1274B290}
	EndGlobalSection
EndGlobal
